// !$*UTF8*$!
{
	archiveVersion = 1;
	classes = {
	};
	objectVersion = 46;
	objects = {

/* Begin PBXBuildFile section */
		0CDD1DE679E29F6F6F5BD48D /* Pods_Movie_Killer.framework in Frameworks */ = {isa = PBXBuildFile; fileRef = 904B787CA16DD5CC52CF87AF /* Pods_Movie_Killer.framework */; };
		31C19BAF4D31EF39C9372E0F /* Pods_Movie_KillerUITests.framework in Frameworks */ = {isa = PBXBuildFile; fileRef = DB5111DD327818FD161395B1 /* Pods_Movie_KillerUITests.framework */; };
		B556DCE4E00FC3F6A39189E1 /* Pods_Movie_KillerTests.framework in Frameworks */ = {isa = PBXBuildFile; fileRef = 07A558E5C8A668721F6B04A1 /* Pods_Movie_KillerTests.framework */; };
		C3876F9D1E10FD950072009C /* AppDelegate.swift in Sources */ = {isa = PBXBuildFile; fileRef = C3876F9C1E10FD950072009C /* AppDelegate.swift */; };
		C3876FA21E10FD950072009C /* Main.storyboard in Resources */ = {isa = PBXBuildFile; fileRef = C3876FA01E10FD950072009C /* Main.storyboard */; };
		C3876FA41E10FD960072009C /* Assets.xcassets in Resources */ = {isa = PBXBuildFile; fileRef = C3876FA31E10FD960072009C /* Assets.xcassets */; };
		C3876FA71E10FD960072009C /* LaunchScreen.storyboard in Resources */ = {isa = PBXBuildFile; fileRef = C3876FA51E10FD960072009C /* LaunchScreen.storyboard */; };
		C3876FB21E10FD960072009C /* Movie_KillerTests.swift in Sources */ = {isa = PBXBuildFile; fileRef = C3876FB11E10FD960072009C /* Movie_KillerTests.swift */; };
		C3876FBD1E10FD960072009C /* Movie_KillerUITests.swift in Sources */ = {isa = PBXBuildFile; fileRef = C3876FBC1E10FD960072009C /* Movie_KillerUITests.swift */; };
		C3876FD31E135A4F0072009C /* AppState.swift in Sources */ = {isa = PBXBuildFile; fileRef = C3876FD21E135A4F0072009C /* AppState.swift */; };
		C3876FD51E135B910072009C /* AppReducer.swift in Sources */ = {isa = PBXBuildFile; fileRef = C3876FD41E135B910072009C /* AppReducer.swift */; };
		C3876FD71E135CCC0072009C /* ConfigurationState.swift in Sources */ = {isa = PBXBuildFile; fileRef = C3876FD61E135CCC0072009C /* ConfigurationState.swift */; };
		C3876FDA1E135D8D0072009C /* ConfigurationReducer.swift in Sources */ = {isa = PBXBuildFile; fileRef = C3876FD91E135D8D0072009C /* ConfigurationReducer.swift */; };
		C3876FDF1E13616D0072009C /* VideoLibraryState.swift in Sources */ = {isa = PBXBuildFile; fileRef = C3876FDE1E13616D0072009C /* VideoLibraryState.swift */; };
		C3876FE11E1362750072009C /* VideoLibraryReducer.swift in Sources */ = {isa = PBXBuildFile; fileRef = C3876FE01E1362750072009C /* VideoLibraryReducer.swift */; };
		C3876FE31E13674C0072009C /* VideoLibraryActions.swift in Sources */ = {isa = PBXBuildFile; fileRef = C3876FE21E13674C0072009C /* VideoLibraryActions.swift */; };
		C3876FE51E13AF3F0072009C /* Videos.storyboard in Resources */ = {isa = PBXBuildFile; fileRef = C3876FE41E13AF3F0072009C /* Videos.storyboard */; };
		C3876FEA1E13B0300072009C /* VideoLibraryViewController.swift in Sources */ = {isa = PBXBuildFile; fileRef = C3876FE91E13B0300072009C /* VideoLibraryViewController.swift */; };
		C3876FEC1E13B07E0072009C /* VideoLibraryViewModel.swift in Sources */ = {isa = PBXBuildFile; fileRef = C3876FEB1E13B07E0072009C /* VideoLibraryViewModel.swift */; };
		C3876FEE1E146EA30072009C /* Video.swift in Sources */ = {isa = PBXBuildFile; fileRef = C3876FED1E146EA30072009C /* Video.swift */; };
/* End PBXBuildFile section */

/* Begin PBXContainerItemProxy section */
		C3876FAE1E10FD960072009C /* PBXContainerItemProxy */ = {
			isa = PBXContainerItemProxy;
			containerPortal = C3876F911E10FD930072009C /* Project object */;
			proxyType = 1;
			remoteGlobalIDString = C3876F981E10FD930072009C;
			remoteInfo = "Movie Killer";
		};
		C3876FB91E10FD960072009C /* PBXContainerItemProxy */ = {
			isa = PBXContainerItemProxy;
			containerPortal = C3876F911E10FD930072009C /* Project object */;
			proxyType = 1;
			remoteGlobalIDString = C3876F981E10FD930072009C;
			remoteInfo = "Movie Killer";
		};
/* End PBXContainerItemProxy section */

/* Begin PBXFileReference section */
		067C65123B12C3778EC671A7 /* Pods-Movie KillerTests.debug.xcconfig */ = {isa = PBXFileReference; includeInIndex = 1; lastKnownFileType = text.xcconfig; name = "Pods-Movie KillerTests.debug.xcconfig"; path = "Pods/Target Support Files/Pods-Movie KillerTests/Pods-Movie KillerTests.debug.xcconfig"; sourceTree = "<group>"; };
		07A558E5C8A668721F6B04A1 /* Pods_Movie_KillerTests.framework */ = {isa = PBXFileReference; explicitFileType = wrapper.framework; includeInIndex = 0; path = Pods_Movie_KillerTests.framework; sourceTree = BUILT_PRODUCTS_DIR; };
		1A3853ED05244420B02FAC27 /* Pods-Movie KillerUITests.debug.xcconfig */ = {isa = PBXFileReference; includeInIndex = 1; lastKnownFileType = text.xcconfig; name = "Pods-Movie KillerUITests.debug.xcconfig"; path = "Pods/Target Support Files/Pods-Movie KillerUITests/Pods-Movie KillerUITests.debug.xcconfig"; sourceTree = "<group>"; };
		2002CF40C9B9ABFA1E7B6652 /* Pods-Movie Killer.debug.xcconfig */ = {isa = PBXFileReference; includeInIndex = 1; lastKnownFileType = text.xcconfig; name = "Pods-Movie Killer.debug.xcconfig"; path = "Pods/Target Support Files/Pods-Movie Killer/Pods-Movie Killer.debug.xcconfig"; sourceTree = "<group>"; };
		47C612E4E1AF0B9C38C43C58 /* Pods-Movie KillerTests.release.xcconfig */ = {isa = PBXFileReference; includeInIndex = 1; lastKnownFileType = text.xcconfig; name = "Pods-Movie KillerTests.release.xcconfig"; path = "Pods/Target Support Files/Pods-Movie KillerTests/Pods-Movie KillerTests.release.xcconfig"; sourceTree = "<group>"; };
		904B787CA16DD5CC52CF87AF /* Pods_Movie_Killer.framework */ = {isa = PBXFileReference; explicitFileType = wrapper.framework; includeInIndex = 0; path = Pods_Movie_Killer.framework; sourceTree = BUILT_PRODUCTS_DIR; };
		9E3C82A09261BE3812CB6219 /* Pods-Movie KillerUITests.release.xcconfig */ = {isa = PBXFileReference; includeInIndex = 1; lastKnownFileType = text.xcconfig; name = "Pods-Movie KillerUITests.release.xcconfig"; path = "Pods/Target Support Files/Pods-Movie KillerUITests/Pods-Movie KillerUITests.release.xcconfig"; sourceTree = "<group>"; };
		B888D9FE0A0C0C4FF5D67DEA /* Pods-Movie Killer.release.xcconfig */ = {isa = PBXFileReference; includeInIndex = 1; lastKnownFileType = text.xcconfig; name = "Pods-Movie Killer.release.xcconfig"; path = "Pods/Target Support Files/Pods-Movie Killer/Pods-Movie Killer.release.xcconfig"; sourceTree = "<group>"; };
		C3876F991E10FD950072009C /* Movie Killer.app */ = {isa = PBXFileReference; explicitFileType = wrapper.application; includeInIndex = 0; path = "Movie Killer.app"; sourceTree = BUILT_PRODUCTS_DIR; };
		C3876F9C1E10FD950072009C /* AppDelegate.swift */ = {isa = PBXFileReference; lastKnownFileType = sourcecode.swift; path = AppDelegate.swift; sourceTree = "<group>"; };
		C3876FA11E10FD950072009C /* Base */ = {isa = PBXFileReference; lastKnownFileType = file.storyboard; name = Base; path = Base.lproj/Main.storyboard; sourceTree = "<group>"; };
		C3876FA31E10FD960072009C /* Assets.xcassets */ = {isa = PBXFileReference; lastKnownFileType = folder.assetcatalog; path = Assets.xcassets; sourceTree = "<group>"; };
		C3876FA61E10FD960072009C /* Base */ = {isa = PBXFileReference; lastKnownFileType = file.storyboard; name = Base; path = Base.lproj/LaunchScreen.storyboard; sourceTree = "<group>"; };
		C3876FA81E10FD960072009C /* Info.plist */ = {isa = PBXFileReference; lastKnownFileType = text.plist.xml; path = Info.plist; sourceTree = "<group>"; };
		C3876FAD1E10FD960072009C /* Movie KillerTests.xctest */ = {isa = PBXFileReference; explicitFileType = wrapper.cfbundle; includeInIndex = 0; path = "Movie KillerTests.xctest"; sourceTree = BUILT_PRODUCTS_DIR; };
		C3876FB11E10FD960072009C /* Movie_KillerTests.swift */ = {isa = PBXFileReference; lastKnownFileType = sourcecode.swift; path = Movie_KillerTests.swift; sourceTree = "<group>"; };
		C3876FB31E10FD960072009C /* Info.plist */ = {isa = PBXFileReference; lastKnownFileType = text.plist.xml; path = Info.plist; sourceTree = "<group>"; };
		C3876FB81E10FD960072009C /* Movie KillerUITests.xctest */ = {isa = PBXFileReference; explicitFileType = wrapper.cfbundle; includeInIndex = 0; path = "Movie KillerUITests.xctest"; sourceTree = BUILT_PRODUCTS_DIR; };
		C3876FBC1E10FD960072009C /* Movie_KillerUITests.swift */ = {isa = PBXFileReference; lastKnownFileType = sourcecode.swift; path = Movie_KillerUITests.swift; sourceTree = "<group>"; };
		C3876FBE1E10FD960072009C /* Info.plist */ = {isa = PBXFileReference; lastKnownFileType = text.plist.xml; path = Info.plist; sourceTree = "<group>"; };
		C3876FD21E135A4F0072009C /* AppState.swift */ = {isa = PBXFileReference; fileEncoding = 4; lastKnownFileType = sourcecode.swift; path = AppState.swift; sourceTree = "<group>"; };
		C3876FD41E135B910072009C /* AppReducer.swift */ = {isa = PBXFileReference; fileEncoding = 4; lastKnownFileType = sourcecode.swift; path = AppReducer.swift; sourceTree = "<group>"; };
		C3876FD61E135CCC0072009C /* ConfigurationState.swift */ = {isa = PBXFileReference; fileEncoding = 4; lastKnownFileType = sourcecode.swift; name = ConfigurationState.swift; path = Features/Config/ConfigurationState.swift; sourceTree = "<group>"; };
		C3876FD91E135D8D0072009C /* ConfigurationReducer.swift */ = {isa = PBXFileReference; fileEncoding = 4; lastKnownFileType = sourcecode.swift; name = ConfigurationReducer.swift; path = Features/Config/ConfigurationReducer.swift; sourceTree = "<group>"; };
		C3876FDE1E13616D0072009C /* VideoLibraryState.swift */ = {isa = PBXFileReference; fileEncoding = 4; lastKnownFileType = sourcecode.swift; name = VideoLibraryState.swift; path = "Features/Video Library/VideoLibraryState.swift"; sourceTree = "<group>"; };
		C3876FE01E1362750072009C /* VideoLibraryReducer.swift */ = {isa = PBXFileReference; fileEncoding = 4; lastKnownFileType = sourcecode.swift; name = VideoLibraryReducer.swift; path = "Features/Video Library/VideoLibraryReducer.swift"; sourceTree = "<group>"; };
		C3876FE21E13674C0072009C /* VideoLibraryActions.swift */ = {isa = PBXFileReference; fileEncoding = 4; lastKnownFileType = sourcecode.swift; name = VideoLibraryActions.swift; path = "Features/Video Library/VideoLibraryActions.swift"; sourceTree = "<group>"; };
		C3876FE41E13AF3F0072009C /* Videos.storyboard */ = {isa = PBXFileReference; fileEncoding = 4; lastKnownFileType = file.storyboard; name = Videos.storyboard; path = "Features/Video Library/Videos.storyboard"; sourceTree = "<group>"; };
		C3876FE91E13B0300072009C /* VideoLibraryViewController.swift */ = {isa = PBXFileReference; fileEncoding = 4; lastKnownFileType = sourcecode.swift; name = VideoLibraryViewController.swift; path = "Features/Video Library/VideoLibraryViewController.swift"; sourceTree = "<group>"; };
		C3876FEB1E13B07E0072009C /* VideoLibraryViewModel.swift */ = {isa = PBXFileReference; fileEncoding = 4; lastKnownFileType = sourcecode.swift; name = VideoLibraryViewModel.swift; path = "Features/Video Library/VideoLibraryViewModel.swift"; sourceTree = "<group>"; };
		C3876FED1E146EA30072009C /* Video.swift */ = {isa = PBXFileReference; fileEncoding = 4; lastKnownFileType = sourcecode.swift; name = Video.swift; path = "Features/Video Library/Video.swift"; sourceTree = "<group>"; };
		DB5111DD327818FD161395B1 /* Pods_Movie_KillerUITests.framework */ = {isa = PBXFileReference; explicitFileType = wrapper.framework; includeInIndex = 0; path = Pods_Movie_KillerUITests.framework; sourceTree = BUILT_PRODUCTS_DIR; };
/* End PBXFileReference section */

/* Begin PBXFrameworksBuildPhase section */
		C3876F961E10FD930072009C /* Frameworks */ = {
			isa = PBXFrameworksBuildPhase;
			buildActionMask = 2147483647;
			files = (
				0CDD1DE679E29F6F6F5BD48D /* Pods_Movie_Killer.framework in Frameworks */,
			);
			runOnlyForDeploymentPostprocessing = 0;
		};
		C3876FAA1E10FD960072009C /* Frameworks */ = {
			isa = PBXFrameworksBuildPhase;
			buildActionMask = 2147483647;
			files = (
				B556DCE4E00FC3F6A39189E1 /* Pods_Movie_KillerTests.framework in Frameworks */,
			);
			runOnlyForDeploymentPostprocessing = 0;
		};
		C3876FB51E10FD960072009C /* Frameworks */ = {
			isa = PBXFrameworksBuildPhase;
			buildActionMask = 2147483647;
			files = (
				31C19BAF4D31EF39C9372E0F /* Pods_Movie_KillerUITests.framework in Frameworks */,
			);
			runOnlyForDeploymentPostprocessing = 0;
		};
/* End PBXFrameworksBuildPhase section */

/* Begin PBXGroup section */
		818DFE9EC7FF21341D1D8F8A /* Pods */ = {
			isa = PBXGroup;
			children = (
				2002CF40C9B9ABFA1E7B6652 /* Pods-Movie Killer.debug.xcconfig */,
				B888D9FE0A0C0C4FF5D67DEA /* Pods-Movie Killer.release.xcconfig */,
				067C65123B12C3778EC671A7 /* Pods-Movie KillerTests.debug.xcconfig */,
				47C612E4E1AF0B9C38C43C58 /* Pods-Movie KillerTests.release.xcconfig */,
				1A3853ED05244420B02FAC27 /* Pods-Movie KillerUITests.debug.xcconfig */,
				9E3C82A09261BE3812CB6219 /* Pods-Movie KillerUITests.release.xcconfig */,
			);
			name = Pods;
			sourceTree = "<group>";
		};
		834B28D651E3AE3D0D75492C /* Frameworks */ = {
			isa = PBXGroup;
			children = (
				904B787CA16DD5CC52CF87AF /* Pods_Movie_Killer.framework */,
				07A558E5C8A668721F6B04A1 /* Pods_Movie_KillerTests.framework */,
				DB5111DD327818FD161395B1 /* Pods_Movie_KillerUITests.framework */,
			);
			name = Frameworks;
			sourceTree = "<group>";
		};
		C3876F901E10FD930072009C = {
			isa = PBXGroup;
			children = (
				C3876F9B1E10FD950072009C /* Movie Killer */,
				C3876FB01E10FD960072009C /* Movie KillerTests */,
				C3876FBB1E10FD960072009C /* Movie KillerUITests */,
				C3876F9A1E10FD950072009C /* Products */,
				818DFE9EC7FF21341D1D8F8A /* Pods */,
				834B28D651E3AE3D0D75492C /* Frameworks */,
			);
			sourceTree = "<group>";
		};
		C3876F9A1E10FD950072009C /* Products */ = {
			isa = PBXGroup;
			children = (
				C3876F991E10FD950072009C /* Movie Killer.app */,
				C3876FAD1E10FD960072009C /* Movie KillerTests.xctest */,
				C3876FB81E10FD960072009C /* Movie KillerUITests.xctest */,
			);
			name = Products;
			sourceTree = "<group>";
		};
		C3876F9B1E10FD950072009C /* Movie Killer */ = {
			isa = PBXGroup;
			children = (
				C3876FD81E135CD00072009C /* Configuration */,
				C3876FDD1E13612B0072009C /* Video Library */,
				C3876F9C1E10FD950072009C /* AppDelegate.swift */,
				C3876FD21E135A4F0072009C /* AppState.swift */,
				C3876FD41E135B910072009C /* AppReducer.swift */,
				C3876FA01E10FD950072009C /* Main.storyboard */,
				C3876FA31E10FD960072009C /* Assets.xcassets */,
				C3876FA51E10FD960072009C /* LaunchScreen.storyboard */,
				C3876FA81E10FD960072009C /* Info.plist */,
			);
			path = "Movie Killer";
			sourceTree = "<group>";
		};
		C3876FB01E10FD960072009C /* Movie KillerTests */ = {
			isa = PBXGroup;
			children = (
				C3876FB11E10FD960072009C /* Movie_KillerTests.swift */,
				C3876FB31E10FD960072009C /* Info.plist */,
			);
			path = "Movie KillerTests";
			sourceTree = "<group>";
		};
		C3876FBB1E10FD960072009C /* Movie KillerUITests */ = {
			isa = PBXGroup;
			children = (
				C3876FBC1E10FD960072009C /* Movie_KillerUITests.swift */,
				C3876FBE1E10FD960072009C /* Info.plist */,
			);
			path = "Movie KillerUITests";
			sourceTree = "<group>";
		};
		C3876FD81E135CD00072009C /* Configuration */ = {
			isa = PBXGroup;
			children = (
				C3876FD61E135CCC0072009C /* ConfigurationState.swift */,
				C3876FD91E135D8D0072009C /* ConfigurationReducer.swift */,
			);
			name = Configuration;
			sourceTree = "<group>";
		};
		C3876FDD1E13612B0072009C /* Video Library */ = {
			isa = PBXGroup;
			children = (
				C3876FE81E13B0080072009C /* Flow */,
				C3876FE41E13AF3F0072009C /* Videos.storyboard */,
				C3876FE91E13B0300072009C /* VideoLibraryViewController.swift */,
				C3876FEB1E13B07E0072009C /* VideoLibraryViewModel.swift */,
				C3876FED1E146EA30072009C /* Video.swift */,
			);
			name = "Video Library";
			sourceTree = "<group>";
		};
		C3876FE81E13B0080072009C /* Flow */ = {
			isa = PBXGroup;
			children = (
				C3876FDE1E13616D0072009C /* VideoLibraryState.swift */,
				C3876FE01E1362750072009C /* VideoLibraryReducer.swift */,
				C3876FE21E13674C0072009C /* VideoLibraryActions.swift */,
			);
			name = Flow;
			sourceTree = "<group>";
		};
/* End PBXGroup section */

/* Begin PBXNativeTarget section */
		C3876F981E10FD930072009C /* Movie Killer */ = {
			isa = PBXNativeTarget;
			buildConfigurationList = C3876FC11E10FD960072009C /* Build configuration list for PBXNativeTarget "Movie Killer" */;
			buildPhases = (
				5608729B8A88B7F38DC4BD56 /* [CP] Check Pods Manifest.lock */,
				C3876F951E10FD930072009C /* Sources */,
				C3876F961E10FD930072009C /* Frameworks */,
				C3876F971E10FD930072009C /* Resources */,
				83CB45B44638797B33FDDE8E /* [CP] Embed Pods Frameworks */,
				9C6C16EC16CE513608CB0DAC /* [CP] Copy Pods Resources */,
			);
			buildRules = (
			);
			dependencies = (
			);
			name = "Movie Killer";
			productName = "Movie Killer";
			productReference = C3876F991E10FD950072009C /* Movie Killer.app */;
			productType = "com.apple.product-type.application";
		};
		C3876FAC1E10FD960072009C /* Movie KillerTests */ = {
			isa = PBXNativeTarget;
			buildConfigurationList = C3876FC41E10FD960072009C /* Build configuration list for PBXNativeTarget "Movie KillerTests" */;
			buildPhases = (
				2FF9520844C83747B63323CC /* [CP] Check Pods Manifest.lock */,
				C3876FA91E10FD960072009C /* Sources */,
				C3876FAA1E10FD960072009C /* Frameworks */,
				C3876FAB1E10FD960072009C /* Resources */,
				AC678E750004735C033A78AA /* [CP] Embed Pods Frameworks */,
				DFFDC9BCFE0CE4001AA68572 /* [CP] Copy Pods Resources */,
			);
			buildRules = (
			);
			dependencies = (
				C3876FAF1E10FD960072009C /* PBXTargetDependency */,
			);
			name = "Movie KillerTests";
			productName = "Movie KillerTests";
			productReference = C3876FAD1E10FD960072009C /* Movie KillerTests.xctest */;
			productType = "com.apple.product-type.bundle.unit-test";
		};
		C3876FB71E10FD960072009C /* Movie KillerUITests */ = {
			isa = PBXNativeTarget;
			buildConfigurationList = C3876FC71E10FD960072009C /* Build configuration list for PBXNativeTarget "Movie KillerUITests" */;
			buildPhases = (
				C0A73EFB62B514A2A187E574 /* [CP] Check Pods Manifest.lock */,
				C3876FB41E10FD960072009C /* Sources */,
				C3876FB51E10FD960072009C /* Frameworks */,
				C3876FB61E10FD960072009C /* Resources */,
				081DA8FEF7AC47E829895B2B /* [CP] Embed Pods Frameworks */,
				5C37DA905120BE6E78CAFF14 /* [CP] Copy Pods Resources */,
			);
			buildRules = (
			);
			dependencies = (
				C3876FBA1E10FD960072009C /* PBXTargetDependency */,
			);
			name = "Movie KillerUITests";
			productName = "Movie KillerUITests";
			productReference = C3876FB81E10FD960072009C /* Movie KillerUITests.xctest */;
			productType = "com.apple.product-type.bundle.ui-testing";
		};
/* End PBXNativeTarget section */

/* Begin PBXProject section */
		C3876F911E10FD930072009C /* Project object */ = {
			isa = PBXProject;
			attributes = {
				LastSwiftUpdateCheck = 0810;
				LastUpgradeCheck = 0810;
				ORGANIZATIONNAME = "Ronald Martin";
				TargetAttributes = {
					C3876F981E10FD930072009C = {
						CreatedOnToolsVersion = 8.1;
						DevelopmentTeam = 9B3N9PW2XN;
						ProvisioningStyle = Automatic;
					};
					C3876FAC1E10FD960072009C = {
						CreatedOnToolsVersion = 8.1;
						DevelopmentTeam = 9B3N9PW2XN;
						ProvisioningStyle = Automatic;
						TestTargetID = C3876F981E10FD930072009C;
					};
					C3876FB71E10FD960072009C = {
						CreatedOnToolsVersion = 8.1;
						DevelopmentTeam = 9B3N9PW2XN;
						ProvisioningStyle = Automatic;
						TestTargetID = C3876F981E10FD930072009C;
					};
				};
			};
			buildConfigurationList = C3876F941E10FD930072009C /* Build configuration list for PBXProject "Movie Killer" */;
			compatibilityVersion = "Xcode 3.2";
			developmentRegion = English;
			hasScannedForEncodings = 0;
			knownRegions = (
				en,
				Base,
			);
			mainGroup = C3876F901E10FD930072009C;
			productRefGroup = C3876F9A1E10FD950072009C /* Products */;
			projectDirPath = "";
			projectRoot = "";
			targets = (
				C3876F981E10FD930072009C /* Movie Killer */,
				C3876FAC1E10FD960072009C /* Movie KillerTests */,
				C3876FB71E10FD960072009C /* Movie KillerUITests */,
			);
		};
/* End PBXProject section */

/* Begin PBXResourcesBuildPhase section */
		C3876F971E10FD930072009C /* Resources */ = {
			isa = PBXResourcesBuildPhase;
			buildActionMask = 2147483647;
			files = (
				C3876FA71E10FD960072009C /* LaunchScreen.storyboard in Resources */,
				C3876FA41E10FD960072009C /* Assets.xcassets in Resources */,
				C3876FE51E13AF3F0072009C /* Videos.storyboard in Resources */,
				C3876FA21E10FD950072009C /* Main.storyboard in Resources */,
			);
			runOnlyForDeploymentPostprocessing = 0;
		};
		C3876FAB1E10FD960072009C /* Resources */ = {
			isa = PBXResourcesBuildPhase;
			buildActionMask = 2147483647;
			files = (
			);
			runOnlyForDeploymentPostprocessing = 0;
		};
		C3876FB61E10FD960072009C /* Resources */ = {
			isa = PBXResourcesBuildPhase;
			buildActionMask = 2147483647;
			files = (
			);
			runOnlyForDeploymentPostprocessing = 0;
		};
/* End PBXResourcesBuildPhase section */

/* Begin PBXShellScriptBuildPhase section */
		081DA8FEF7AC47E829895B2B /* [CP] Embed Pods Frameworks */ = {
			isa = PBXShellScriptBuildPhase;
			buildActionMask = 2147483647;
			files = (
			);
			inputPaths = (
			);
			name = "[CP] Embed Pods Frameworks";
			outputPaths = (
			);
			runOnlyForDeploymentPostprocessing = 0;
			shellPath = /bin/sh;
			shellScript = "\"${SRCROOT}/Pods/Target Support Files/Pods-Movie KillerUITests/Pods-Movie KillerUITests-frameworks.sh\"\n";
			showEnvVarsInLog = 0;
		};
		2FF9520844C83747B63323CC /* [CP] Check Pods Manifest.lock */ = {
			isa = PBXShellScriptBuildPhase;
			buildActionMask = 2147483647;
			files = (
			);
			inputPaths = (
			);
			name = "[CP] Check Pods Manifest.lock";
			outputPaths = (
			);
			runOnlyForDeploymentPostprocessing = 0;
			shellPath = /bin/sh;
			shellScript = "diff \"${PODS_ROOT}/../Podfile.lock\" \"${PODS_ROOT}/Manifest.lock\" > /dev/null\nif [ $? != 0 ] ; then\n    # print error to STDERR\n    echo \"error: The sandbox is not in sync with the Podfile.lock. Run 'pod install' or update your CocoaPods installation.\" >&2\n    exit 1\nfi\n";
			showEnvVarsInLog = 0;
		};
		5608729B8A88B7F38DC4BD56 /* [CP] Check Pods Manifest.lock */ = {
			isa = PBXShellScriptBuildPhase;
			buildActionMask = 2147483647;
			files = (
			);
			inputPaths = (
			);
			name = "[CP] Check Pods Manifest.lock";
			outputPaths = (
			);
			runOnlyForDeploymentPostprocessing = 0;
			shellPath = /bin/sh;
			shellScript = "diff \"${PODS_ROOT}/../Podfile.lock\" \"${PODS_ROOT}/Manifest.lock\" > /dev/null\nif [ $? != 0 ] ; then\n    # print error to STDERR\n    echo \"error: The sandbox is not in sync with the Podfile.lock. Run 'pod install' or update your CocoaPods installation.\" >&2\n    exit 1\nfi\n";
			showEnvVarsInLog = 0;
		};
		5C37DA905120BE6E78CAFF14 /* [CP] Copy Pods Resources */ = {
			isa = PBXShellScriptBuildPhase;
			buildActionMask = 2147483647;
			files = (
			);
			inputPaths = (
			);
			name = "[CP] Copy Pods Resources";
			outputPaths = (
			);
			runOnlyForDeploymentPostprocessing = 0;
			shellPath = /bin/sh;
			shellScript = "\"${SRCROOT}/Pods/Target Support Files/Pods-Movie KillerUITests/Pods-Movie KillerUITests-resources.sh\"\n";
			showEnvVarsInLog = 0;
		};
		83CB45B44638797B33FDDE8E /* [CP] Embed Pods Frameworks */ = {
			isa = PBXShellScriptBuildPhase;
			buildActionMask = 2147483647;
			files = (
			);
			inputPaths = (
			);
			name = "[CP] Embed Pods Frameworks";
			outputPaths = (
			);
			runOnlyForDeploymentPostprocessing = 0;
			shellPath = /bin/sh;
			shellScript = "\"${SRCROOT}/Pods/Target Support Files/Pods-Movie Killer/Pods-Movie Killer-frameworks.sh\"\n";
			showEnvVarsInLog = 0;
		};
		9C6C16EC16CE513608CB0DAC /* [CP] Copy Pods Resources */ = {
			isa = PBXShellScriptBuildPhase;
			buildActionMask = 2147483647;
			files = (
			);
			inputPaths = (
			);
			name = "[CP] Copy Pods Resources";
			outputPaths = (
			);
			runOnlyForDeploymentPostprocessing = 0;
			shellPath = /bin/sh;
			shellScript = "\"${SRCROOT}/Pods/Target Support Files/Pods-Movie Killer/Pods-Movie Killer-resources.sh\"\n";
			showEnvVarsInLog = 0;
		};
		AC678E750004735C033A78AA /* [CP] Embed Pods Frameworks */ = {
			isa = PBXShellScriptBuildPhase;
			buildActionMask = 2147483647;
			files = (
			);
			inputPaths = (
			);
			name = "[CP] Embed Pods Frameworks";
			outputPaths = (
			);
			runOnlyForDeploymentPostprocessing = 0;
			shellPath = /bin/sh;
			shellScript = "\"${SRCROOT}/Pods/Target Support Files/Pods-Movie KillerTests/Pods-Movie KillerTests-frameworks.sh\"\n";
			showEnvVarsInLog = 0;
		};
		C0A73EFB62B514A2A187E574 /* [CP] Check Pods Manifest.lock */ = {
			isa = PBXShellScriptBuildPhase;
			buildActionMask = 2147483647;
			files = (
			);
			inputPaths = (
			);
			name = "[CP] Check Pods Manifest.lock";
			outputPaths = (
			);
			runOnlyForDeploymentPostprocessing = 0;
			shellPath = /bin/sh;
			shellScript = "diff \"${PODS_ROOT}/../Podfile.lock\" \"${PODS_ROOT}/Manifest.lock\" > /dev/null\nif [ $? != 0 ] ; then\n    # print error to STDERR\n    echo \"error: The sandbox is not in sync with the Podfile.lock. Run 'pod install' or update your CocoaPods installation.\" >&2\n    exit 1\nfi\n";
			showEnvVarsInLog = 0;
		};
		DFFDC9BCFE0CE4001AA68572 /* [CP] Copy Pods Resources */ = {
			isa = PBXShellScriptBuildPhase;
			buildActionMask = 2147483647;
			files = (
			);
			inputPaths = (
			);
			name = "[CP] Copy Pods Resources";
			outputPaths = (
			);
			runOnlyForDeploymentPostprocessing = 0;
			shellPath = /bin/sh;
			shellScript = "\"${SRCROOT}/Pods/Target Support Files/Pods-Movie KillerTests/Pods-Movie KillerTests-resources.sh\"\n";
			showEnvVarsInLog = 0;
		};
/* End PBXShellScriptBuildPhase section */

/* Begin PBXSourcesBuildPhase section */
		C3876F951E10FD930072009C /* Sources */ = {
			isa = PBXSourcesBuildPhase;
			buildActionMask = 2147483647;
			files = (
				C3876FEC1E13B07E0072009C /* VideoLibraryViewModel.swift in Sources */,
				C3876FDF1E13616D0072009C /* VideoLibraryState.swift in Sources */,
				C3876FD31E135A4F0072009C /* AppState.swift in Sources */,
				C3876FE11E1362750072009C /* VideoLibraryReducer.swift in Sources */,
				C3876FDA1E135D8D0072009C /* ConfigurationReducer.swift in Sources */,
				C3876FD71E135CCC0072009C /* ConfigurationState.swift in Sources */,
				C3876FD51E135B910072009C /* AppReducer.swift in Sources */,
				C3876FEE1E146EA30072009C /* Video.swift in Sources */,
				C3876FE31E13674C0072009C /* VideoLibraryActions.swift in Sources */,
				C3876F9D1E10FD950072009C /* AppDelegate.swift in Sources */,
				C3876FEA1E13B0300072009C /* VideoLibraryViewController.swift in Sources */,
			);
			runOnlyForDeploymentPostprocessing = 0;
		};
		C3876FA91E10FD960072009C /* Sources */ = {
			isa = PBXSourcesBuildPhase;
			buildActionMask = 2147483647;
			files = (
				C3876FB21E10FD960072009C /* Movie_KillerTests.swift in Sources */,
			);
			runOnlyForDeploymentPostprocessing = 0;
		};
		C3876FB41E10FD960072009C /* Sources */ = {
			isa = PBXSourcesBuildPhase;
			buildActionMask = 2147483647;
			files = (
				C3876FBD1E10FD960072009C /* Movie_KillerUITests.swift in Sources */,
			);
			runOnlyForDeploymentPostprocessing = 0;
		};
/* End PBXSourcesBuildPhase section */

/* Begin PBXTargetDependency section */
		C3876FAF1E10FD960072009C /* PBXTargetDependency */ = {
			isa = PBXTargetDependency;
			target = C3876F981E10FD930072009C /* Movie Killer */;
			targetProxy = C3876FAE1E10FD960072009C /* PBXContainerItemProxy */;
		};
		C3876FBA1E10FD960072009C /* PBXTargetDependency */ = {
			isa = PBXTargetDependency;
			target = C3876F981E10FD930072009C /* Movie Killer */;
			targetProxy = C3876FB91E10FD960072009C /* PBXContainerItemProxy */;
		};
/* End PBXTargetDependency section */

/* Begin PBXVariantGroup section */
		C3876FA01E10FD950072009C /* Main.storyboard */ = {
			isa = PBXVariantGroup;
			children = (
				C3876FA11E10FD950072009C /* Base */,
			);
			name = Main.storyboard;
			sourceTree = "<group>";
		};
		C3876FA51E10FD960072009C /* LaunchScreen.storyboard */ = {
			isa = PBXVariantGroup;
			children = (
				C3876FA61E10FD960072009C /* Base */,
			);
			name = LaunchScreen.storyboard;
			sourceTree = "<group>";
		};
/* End PBXVariantGroup section */

/* Begin XCBuildConfiguration section */
		C3876FBF1E10FD960072009C /* Debug */ = {
			isa = XCBuildConfiguration;
			buildSettings = {
				ALWAYS_SEARCH_USER_PATHS = NO;
				CLANG_ANALYZER_NONNULL = YES;
				CLANG_CXX_LANGUAGE_STANDARD = "gnu++0x";
				CLANG_CXX_LIBRARY = "libc++";
				CLANG_ENABLE_MODULES = YES;
				CLANG_ENABLE_OBJC_ARC = YES;
				CLANG_WARN_BOOL_CONVERSION = YES;
				CLANG_WARN_CONSTANT_CONVERSION = YES;
				CLANG_WARN_DIRECT_OBJC_ISA_USAGE = YES_ERROR;
				CLANG_WARN_DOCUMENTATION_COMMENTS = YES;
				CLANG_WARN_EMPTY_BODY = YES;
				CLANG_WARN_ENUM_CONVERSION = YES;
				CLANG_WARN_INFINITE_RECURSION = YES;
				CLANG_WARN_INT_CONVERSION = YES;
				CLANG_WARN_OBJC_ROOT_CLASS = YES_ERROR;
				CLANG_WARN_SUSPICIOUS_MOVES = YES;
				CLANG_WARN_UNREACHABLE_CODE = YES;
				CLANG_WARN__DUPLICATE_METHOD_MATCH = YES;
				"CODE_SIGN_IDENTITY[sdk=iphoneos*]" = "iPhone Developer";
				COPY_PHASE_STRIP = NO;
				DEBUG_INFORMATION_FORMAT = dwarf;
				ENABLE_STRICT_OBJC_MSGSEND = YES;
				ENABLE_TESTABILITY = YES;
				GCC_C_LANGUAGE_STANDARD = gnu99;
				GCC_DYNAMIC_NO_PIC = NO;
				GCC_NO_COMMON_BLOCKS = YES;
				GCC_OPTIMIZATION_LEVEL = 0;
				GCC_PREPROCESSOR_DEFINITIONS = (
					"DEBUG=1",
					"$(inherited)",
				);
				GCC_WARN_64_TO_32_BIT_CONVERSION = YES;
				GCC_WARN_ABOUT_RETURN_TYPE = YES_ERROR;
				GCC_WARN_UNDECLARED_SELECTOR = YES;
				GCC_WARN_UNINITIALIZED_AUTOS = YES_AGGRESSIVE;
				GCC_WARN_UNUSED_FUNCTION = YES;
				GCC_WARN_UNUSED_VARIABLE = YES;
				IPHONEOS_DEPLOYMENT_TARGET = 10.1;
				MTL_ENABLE_DEBUG_INFO = YES;
				ONLY_ACTIVE_ARCH = YES;
				SDKROOT = iphoneos;
				SWIFT_ACTIVE_COMPILATION_CONDITIONS = DEBUG;
				SWIFT_OPTIMIZATION_LEVEL = "-Onone";
				TARGETED_DEVICE_FAMILY = "1,2";
			};
			name = Debug;
		};
		C3876FC01E10FD960072009C /* Release */ = {
			isa = XCBuildConfiguration;
			buildSettings = {
				ALWAYS_SEARCH_USER_PATHS = NO;
				CLANG_ANALYZER_NONNULL = YES;
				CLANG_CXX_LANGUAGE_STANDARD = "gnu++0x";
				CLANG_CXX_LIBRARY = "libc++";
				CLANG_ENABLE_MODULES = YES;
				CLANG_ENABLE_OBJC_ARC = YES;
				CLANG_WARN_BOOL_CONVERSION = YES;
				CLANG_WARN_CONSTANT_CONVERSION = YES;
				CLANG_WARN_DIRECT_OBJC_ISA_USAGE = YES_ERROR;
				CLANG_WARN_DOCUMENTATION_COMMENTS = YES;
				CLANG_WARN_EMPTY_BODY = YES;
				CLANG_WARN_ENUM_CONVERSION = YES;
				CLANG_WARN_INFINITE_RECURSION = YES;
				CLANG_WARN_INT_CONVERSION = YES;
				CLANG_WARN_OBJC_ROOT_CLASS = YES_ERROR;
				CLANG_WARN_SUSPICIOUS_MOVES = YES;
				CLANG_WARN_UNREACHABLE_CODE = YES;
				CLANG_WARN__DUPLICATE_METHOD_MATCH = YES;
				"CODE_SIGN_IDENTITY[sdk=iphoneos*]" = "iPhone Developer";
				COPY_PHASE_STRIP = NO;
				DEBUG_INFORMATION_FORMAT = "dwarf-with-dsym";
				ENABLE_NS_ASSERTIONS = NO;
				ENABLE_STRICT_OBJC_MSGSEND = YES;
				GCC_C_LANGUAGE_STANDARD = gnu99;
				GCC_NO_COMMON_BLOCKS = YES;
				GCC_WARN_64_TO_32_BIT_CONVERSION = YES;
				GCC_WARN_ABOUT_RETURN_TYPE = YES_ERROR;
				GCC_WARN_UNDECLARED_SELECTOR = YES;
				GCC_WARN_UNINITIALIZED_AUTOS = YES_AGGRESSIVE;
				GCC_WARN_UNUSED_FUNCTION = YES;
				GCC_WARN_UNUSED_VARIABLE = YES;
				IPHONEOS_DEPLOYMENT_TARGET = 10.1;
				MTL_ENABLE_DEBUG_INFO = NO;
				SDKROOT = iphoneos;
				SWIFT_OPTIMIZATION_LEVEL = "-Owholemodule";
				TARGETED_DEVICE_FAMILY = "1,2";
				VALIDATE_PRODUCT = YES;
			};
			name = Release;
		};
		C3876FC21E10FD960072009C /* Debug */ = {
			isa = XCBuildConfiguration;
			baseConfigurationReference = 2002CF40C9B9ABFA1E7B6652 /* Pods-Movie Killer.debug.xcconfig */;
			buildSettings = {
				ASSETCATALOG_COMPILER_APPICON_NAME = AppIcon;
				DEVELOPMENT_TEAM = 9B3N9PW2XN;
				INFOPLIST_FILE = "Movie Killer/Info.plist";
				IPHONEOS_DEPLOYMENT_TARGET = 9.0;
				LD_RUNPATH_SEARCH_PATHS = "$(inherited) @executable_path/Frameworks";
				PRODUCT_BUNDLE_IDENTIFIER = "com.itsronald.Movie-Killer";
				PRODUCT_NAME = "$(TARGET_NAME)";
				SWIFT_VERSION = 3.0;
			};
			name = Debug;
		};
		C3876FC31E10FD960072009C /* Release */ = {
			isa = XCBuildConfiguration;
			baseConfigurationReference = B888D9FE0A0C0C4FF5D67DEA /* Pods-Movie Killer.release.xcconfig */;
			buildSettings = {
				ASSETCATALOG_COMPILER_APPICON_NAME = AppIcon;
				DEVELOPMENT_TEAM = 9B3N9PW2XN;
				INFOPLIST_FILE = "Movie Killer/Info.plist";
				IPHONEOS_DEPLOYMENT_TARGET = 9.0;
				LD_RUNPATH_SEARCH_PATHS = "$(inherited) @executable_path/Frameworks";
				PRODUCT_BUNDLE_IDENTIFIER = "com.itsronald.Movie-Killer";
				PRODUCT_NAME = "$(TARGET_NAME)";
				SWIFT_VERSION = 3.0;
			};
			name = Release;
		};
		C3876FC51E10FD960072009C /* Debug */ = {
			isa = XCBuildConfiguration;
			baseConfigurationReference = 067C65123B12C3778EC671A7 /* Pods-Movie KillerTests.debug.xcconfig */;
			buildSettings = {
				ALWAYS_EMBED_SWIFT_STANDARD_LIBRARIES = YES;
				BUNDLE_LOADER = "$(TEST_HOST)";
				DEVELOPMENT_TEAM = 9B3N9PW2XN;
				INFOPLIST_FILE = "Movie KillerTests/Info.plist";
				LD_RUNPATH_SEARCH_PATHS = "$(inherited) @executable_path/Frameworks @loader_path/Frameworks";
				PRODUCT_BUNDLE_IDENTIFIER = "com.itsronald.Movie-KillerTests";
				PRODUCT_NAME = "$(TARGET_NAME)";
				SWIFT_VERSION = 3.0;
				TEST_HOST = "$(BUILT_PRODUCTS_DIR)/Movie Killer.app/Movie Killer";
			};
			name = Debug;
		};
		C3876FC61E10FD960072009C /* Release */ = {
			isa = XCBuildConfiguration;
			baseConfigurationReference = 47C612E4E1AF0B9C38C43C58 /* Pods-Movie KillerTests.release.xcconfig */;
			buildSettings = {
				ALWAYS_EMBED_SWIFT_STANDARD_LIBRARIES = YES;
				BUNDLE_LOADER = "$(TEST_HOST)";
				DEVELOPMENT_TEAM = 9B3N9PW2XN;
				INFOPLIST_FILE = "Movie KillerTests/Info.plist";
				LD_RUNPATH_SEARCH_PATHS = "$(inherited) @executable_path/Frameworks @loader_path/Frameworks";
				PRODUCT_BUNDLE_IDENTIFIER = "com.itsronald.Movie-KillerTests";
				PRODUCT_NAME = "$(TARGET_NAME)";
				SWIFT_VERSION = 3.0;
				TEST_HOST = "$(BUILT_PRODUCTS_DIR)/Movie Killer.app/Movie Killer";
			};
			name = Release;
		};
		C3876FC81E10FD960072009C /* Debug */ = {
			isa = XCBuildConfiguration;
			baseConfigurationReference = 1A3853ED05244420B02FAC27 /* Pods-Movie KillerUITests.debug.xcconfig */;
			buildSettings = {
				ALWAYS_EMBED_SWIFT_STANDARD_LIBRARIES = YES;
				DEVELOPMENT_TEAM = 9B3N9PW2XN;
				INFOPLIST_FILE = "Movie KillerUITests/Info.plist";
				LD_RUNPATH_SEARCH_PATHS = "$(inherited) @executable_path/Frameworks @loader_path/Frameworks";
				PRODUCT_BUNDLE_IDENTIFIER = "com.itsronald.Movie-KillerUITests";
				PRODUCT_NAME = "$(TARGET_NAME)";
				SWIFT_VERSION = 3.0;
				TEST_TARGET_NAME = "Movie Killer";
			};
			name = Debug;
		};
		C3876FC91E10FD960072009C /* Release */ = {
			isa = XCBuildConfiguration;
			baseConfigurationReference = 9E3C82A09261BE3812CB6219 /* Pods-Movie KillerUITests.release.xcconfig */;
			buildSettings = {
				ALWAYS_EMBED_SWIFT_STANDARD_LIBRARIES = YES;
				DEVELOPMENT_TEAM = 9B3N9PW2XN;
				INFOPLIST_FILE = "Movie KillerUITests/Info.plist";
				LD_RUNPATH_SEARCH_PATHS = "$(inherited) @executable_path/Frameworks @loader_path/Frameworks";
				PRODUCT_BUNDLE_IDENTIFIER = "com.itsronald.Movie-KillerUITests";
				PRODUCT_NAME = "$(TARGET_NAME)";
				SWIFT_VERSION = 3.0;
				TEST_TARGET_NAME = "Movie Killer";
			};
			name = Release;
		};
/* End XCBuildConfiguration section */

/* Begin XCConfigurationList section */
		C3876F941E10FD930072009C /* Build configuration list for PBXProject "Movie Killer" */ = {
			isa = XCConfigurationList;
			buildConfigurations = (
				C3876FBF1E10FD960072009C /* Debug */,
				C3876FC01E10FD960072009C /* Release */,
			);
			defaultConfigurationIsVisible = 0;
			defaultConfigurationName = Release;
		};
		C3876FC11E10FD960072009C /* Build configuration list for PBXNativeTarget "Movie Killer" */ = {
			isa = XCConfigurationList;
			buildConfigurations = (
				C3876FC21E10FD960072009C /* Debug */,
				C3876FC31E10FD960072009C /* Release */,
			);
			defaultConfigurationIsVisible = 0;
			defaultConfigurationName = Release;
		};
		C3876FC41E10FD960072009C /* Build configuration list for PBXNativeTarget "Movie KillerTests" */ = {
			isa = XCConfigurationList;
			buildConfigurations = (
				C3876FC51E10FD960072009C /* Debug */,
				C3876FC61E10FD960072009C /* Release */,
			);
			defaultConfigurationIsVisible = 0;
			defaultConfigurationName = Release;
		};
		C3876FC71E10FD960072009C /* Build configuration list for PBXNativeTarget "Movie KillerUITests" */ = {
			isa = XCConfigurationList;
			buildConfigurations = (
				C3876FC81E10FD960072009C /* Debug */,
				C3876FC91E10FD960072009C /* Release */,
			);
			defaultConfigurationIsVisible = 0;
			defaultConfigurationName = Release;
		};
/* End XCConfigurationList section */
	};
	rootObject = C3876F911E10FD930072009C /* Project object */;
}
